
Microsoft Visual Studio Solution File, Format Version 12.00
Project("{FAE04EC0-301F-11D3-BF4B-00C04F79EFBC}") = "ChronoPiller.Api", "ChronoPiller.Api\ChronoPiller.Api.csproj", "{9BD36BD5-44E5-470E-87DB-6A3CC9DB5898}"
EndProject
Project("{FAE04EC0-301F-11D3-BF4B-00C04F79EFBC}") = "ChronoPiller.Api.Core", "ChronoPiller.Api.Core\ChronoPiller.Api.Core.csproj", "{84A214DC-1DB2-45DE-AAFD-78BCD6696B83}"
EndProject
Project("{FAE04EC0-301F-11D3-BF4B-00C04F79EFBC}") = "ChronoPiller.Infrastructure", "ChronoPiller.Infrastructure\ChronoPiller.Infrastructure.csproj", "{088578B7-8D45-492C-8C95-2CA132562D8A}"
EndProject
Global
	GlobalSection(SolutionConfigurationPlatforms) = preSolution
		Debug|Any CPU = Debug|Any CPU
		Release|Any CPU = Release|Any CPU
	EndGlobalSection
	GlobalSection(ProjectConfigurationPlatforms) = postSolution
		{9BD36BD5-44E5-470E-87DB-6A3CC9DB5898}.Debug|Any CPU.ActiveCfg = Debug|Any CPU
		{9BD36BD5-44E5-470E-87DB-6A3CC9DB5898}.Debug|Any CPU.Build.0 = Debug|Any CPU
		{9BD36BD5-44E5-470E-87DB-6A3CC9DB5898}.Release|Any CPU.ActiveCfg = Release|Any CPU
		{9BD36BD5-44E5-470E-87DB-6A3CC9DB5898}.Release|Any CPU.Build.0 = Release|Any CPU
		{84A214DC-1DB2-45DE-AAFD-78BCD6696B83}.Debug|Any CPU.ActiveCfg = Debug|Any CPU
		{84A214DC-1DB2-45DE-AAFD-78BCD6696B83}.Debug|Any CPU.Build.0 = Debug|Any CPU
		{84A214DC-1DB2-45DE-AAFD-78BCD6696B83}.Release|Any CPU.ActiveCfg = Release|Any CPU
		{84A214DC-1DB2-45DE-AAFD-78BCD6696B83}.Release|Any CPU.Build.0 = Release|Any CPU
		{088578B7-8D45-492C-8C95-2CA132562D8A}.Debug|Any CPU.ActiveCfg = Debug|Any CPU
		{088578B7-8D45-492C-8C95-2CA132562D8A}.Debug|Any CPU.Build.0 = Debug|Any CPU
		{088578B7-8D45-492C-8C95-2CA132562D8A}.Release|Any CPU.ActiveCfg = Release|Any CPU
		{088578B7-8D45-492C-8C95-2CA132562D8A}.Release|Any CPU.Build.0 = Release|Any CPU
	EndGlobalSection
EndGlobal
