
Microsoft Visual Studio Solution File, Format Version 12.00
# Visual Studio Version 17
VisualStudioVersion = 17.0.31903.59
MinimumVisualStudioVersion = 10.0.40219.1
Project("{FAE04EC0-301F-11D3-BF4B-00C04F79EFBC}") = "ChronoPiller.Authorization.Core", "ChronoPiller.Authorization.Core\ChronoPiller.Authorization.Core.csproj", "{09C2E975-F460-47F1-A3D9-26DEACB27B00}"
EndProject
Project("{FAE04EC0-301F-11D3-BF4B-00C04F79EFBC}") = "ChronoPiller.Authorization.Api", "ChronoPiller.Authorization.Api\ChronoPiller.Authorization.Api.csproj", "{D78FBD41-DE22-4A0C-B97A-35552E509FAE}"
EndProject
Project("{FAE04EC0-301F-11D3-BF4B-00C04F79EFBC}") = "ChronoPiller.Authorization.Infrastructure", "ChronoPIler.Authorization.Infrastructure\ChronoPiller.Authorization.Infrastructure.csproj", "{C0D75FF3-43E2-48BA-91B9-DDCD2F7829B2}"
EndProject
Global
	GlobalSection(SolutionConfigurationPlatforms) = preSolution
		Debug|Any CPU = Debug|Any CPU
		Release|Any CPU = Release|Any CPU
	EndGlobalSection
	GlobalSection(SolutionProperties) = preSolution
		HideSolutionNode = FALSE
	EndGlobalSection
	GlobalSection(ProjectConfigurationPlatforms) = postSolution
		{09C2E975-F460-47F1-A3D9-26DEACB27B00}.Debug|Any CPU.ActiveCfg = Debug|Any CPU
		{09C2E975-F460-47F1-A3D9-26DEACB27B00}.Debug|Any CPU.Build.0 = Debug|Any CPU
		{09C2E975-F460-47F1-A3D9-26DEACB27B00}.Release|Any CPU.ActiveCfg = Release|Any CPU
		{09C2E975-F460-47F1-A3D9-26DEACB27B00}.Release|Any CPU.Build.0 = Release|Any CPU
		{D78FBD41-DE22-4A0C-B97A-35552E509FAE}.Debug|Any CPU.ActiveCfg = Debug|Any CPU
		{D78FBD41-DE22-4A0C-B97A-35552E509FAE}.Debug|Any CPU.Build.0 = Debug|Any CPU
		{D78FBD41-DE22-4A0C-B97A-35552E509FAE}.Release|Any CPU.ActiveCfg = Release|Any CPU
		{D78FBD41-DE22-4A0C-B97A-35552E509FAE}.Release|Any CPU.Build.0 = Release|Any CPU
		{C0D75FF3-43E2-48BA-91B9-DDCD2F7829B2}.Debug|Any CPU.ActiveCfg = Debug|Any CPU
		{C0D75FF3-43E2-48BA-91B9-DDCD2F7829B2}.Debug|Any CPU.Build.0 = Debug|Any CPU
		{C0D75FF3-43E2-48BA-91B9-DDCD2F7829B2}.Release|Any CPU.ActiveCfg = Release|Any CPU
		{C0D75FF3-43E2-48BA-91B9-DDCD2F7829B2}.Release|Any CPU.Build.0 = Release|Any CPU
	EndGlobalSection
EndGlobal
